// !$*UTF8*$!
{
	archiveVersion = 1;
	classes = {
	};
	objectVersion = 46;
	objects = {

/* Begin PBXBuildFile section */
		893D88A01DF5D5AA008D8CA2 /* AppDelegate.swift in Sources */ = {isa = PBXBuildFile; fileRef = 893D889F1DF5D5AA008D8CA2 /* AppDelegate.swift */; };
		893D88A21DF5D5AA008D8CA2 /* ViewController.swift in Sources */ = {isa = PBXBuildFile; fileRef = 893D88A11DF5D5AA008D8CA2 /* ViewController.swift */; };
		893D88A51DF5D5AA008D8CA2 /* Main.storyboard in Resources */ = {isa = PBXBuildFile; fileRef = 893D88A31DF5D5AA008D8CA2 /* Main.storyboard */; };
		893D88A71DF5D5AA008D8CA2 /* Assets.xcassets in Resources */ = {isa = PBXBuildFile; fileRef = 893D88A61DF5D5AA008D8CA2 /* Assets.xcassets */; };
		893D88AA1DF5D5AA008D8CA2 /* LaunchScreen.storyboard in Resources */ = {isa = PBXBuildFile; fileRef = 893D88A81DF5D5AA008D8CA2 /* LaunchScreen.storyboard */; };
		89B729B71DF6004F0027E54F /* UbuntuCondensed-Regular.ttf in Resources */ = {isa = PBXBuildFile; fileRef = 89B729B61DF6004F0027E54F /* UbuntuCondensed-Regular.ttf */; };
		89B729B91DF601E40027E54F /* Ubuntu-Bold.ttf in Resources */ = {isa = PBXBuildFile; fileRef = 89B729B81DF601E40027E54F /* Ubuntu-Bold.ttf */; };
/* End PBXBuildFile section */

/* Begin PBXFileReference section */
		893D889C1DF5D5AA008D8CA2 /* bovedaDesign.app */ = {isa = PBXFileReference; explicitFileType = wrapper.application; includeInIndex = 0; path = bovedaDesign.app; sourceTree = BUILT_PRODUCTS_DIR; };
		893D889F1DF5D5AA008D8CA2 /* AppDelegate.swift */ = {isa = PBXFileReference; lastKnownFileType = sourcecode.swift; path = AppDelegate.swift; sourceTree = "<group>"; };
		893D88A11DF5D5AA008D8CA2 /* ViewController.swift */ = {isa = PBXFileReference; lastKnownFileType = sourcecode.swift; path = ViewController.swift; sourceTree = "<group>"; };
		893D88A41DF5D5AA008D8CA2 /* Base */ = {isa = PBXFileReference; lastKnownFileType = file.storyboard; name = Base; path = Base.lproj/Main.storyboard; sourceTree = "<group>"; };
		893D88A61DF5D5AA008D8CA2 /* Assets.xcassets */ = {isa = PBXFileReference; lastKnownFileType = folder.assetcatalog; path = Assets.xcassets; sourceTree = "<group>"; };
		893D88A91DF5D5AA008D8CA2 /* Base */ = {isa = PBXFileReference; lastKnownFileType = file.storyboard; name = Base; path = Base.lproj/LaunchScreen.storyboard; sourceTree = "<group>"; };
		893D88AB1DF5D5AA008D8CA2 /* Info.plist */ = {isa = PBXFileReference; lastKnownFileType = text.plist.xml; path = Info.plist; sourceTree = "<group>"; };
		89B729B61DF6004F0027E54F /* UbuntuCondensed-Regular.ttf */ = {isa = PBXFileReference; lastKnownFileType = file; path = "UbuntuCondensed-Regular.ttf"; sourceTree = "<group>"; };
		89B729B81DF601E40027E54F /* Ubuntu-Bold.ttf */ = {isa = PBXFileReference; lastKnownFileType = file; path = "Ubuntu-Bold.ttf"; sourceTree = "<group>"; };
/* End PBXFileReference section */

/* Begin PBXFrameworksBuildPhase section */
		893D88991DF5D5A9008D8CA2 /* Frameworks */ = {
			isa = PBXFrameworksBuildPhase;
			buildActionMask = 2147483647;
			files = (
			);
			runOnlyForDeploymentPostprocessing = 0;
		};
/* End PBXFrameworksBuildPhase section */

/* Begin PBXGroup section */
		893D88931DF5D5A9008D8CA2 = {
			isa = PBXGroup;
			children = (
				893D889E1DF5D5AA008D8CA2 /* bovedaDesign */,
				893D889D1DF5D5AA008D8CA2 /* Products */,
			);
			sourceTree = "<group>";
		};
		893D889D1DF5D5AA008D8CA2 /* Products */ = {
			isa = PBXGroup;
			children = (
				893D889C1DF5D5AA008D8CA2 /* bovedaDesign.app */,
			);
			name = Products;
			sourceTree = "<group>";
		};
		893D889E1DF5D5AA008D8CA2 /* bovedaDesign */ = {
			isa = PBXGroup;
			children = (
				89B729B51DF600270027E54F /* fontSource */,
				893D889F1DF5D5AA008D8CA2 /* AppDelegate.swift */,
				893D88A11DF5D5AA008D8CA2 /* ViewController.swift */,
				893D88A31DF5D5AA008D8CA2 /* Main.storyboard */,
				893D88A61DF5D5AA008D8CA2 /* Assets.xcassets */,
				893D88A81DF5D5AA008D8CA2 /* LaunchScreen.storyboard */,
				893D88AB1DF5D5AA008D8CA2 /* Info.plist */,
			);
			path = bovedaDesign;
			sourceTree = "<group>";
		};
		89B729B51DF600270027E54F /* fontSource */ = {
			isa = PBXGroup;
			children = (
				89B729B61DF6004F0027E54F /* UbuntuCondensed-Regular.ttf */,
				89B729B81DF601E40027E54F /* Ubuntu-Bold.ttf */,
			);
			name = fontSource;
			sourceTree = "<group>";
		};
/* End PBXGroup section */

/* Begin PBXNativeTarget section */
		893D889B1DF5D5A9008D8CA2 /* bovedaDesign */ = {
			isa = PBXNativeTarget;
			buildConfigurationList = 893D88AE1DF5D5AA008D8CA2 /* Build configuration list for PBXNativeTarget "bovedaDesign" */;
			buildPhases = (
				893D88981DF5D5A9008D8CA2 /* Sources */,
				893D88991DF5D5A9008D8CA2 /* Frameworks */,
				893D889A1DF5D5A9008D8CA2 /* Resources */,
			);
			buildRules = (
			);
			dependencies = (
			);
			name = bovedaDesign;
			productName = bovedaDesign;
			productReference = 893D889C1DF5D5AA008D8CA2 /* bovedaDesign.app */;
			productType = "com.apple.product-type.application";
		};
/* End PBXNativeTarget section */

/* Begin PBXProject section */
		893D88941DF5D5A9008D8CA2 /* Project object */ = {
			isa = PBXProject;
			attributes = {
				LastSwiftUpdateCheck = 0810;
				LastUpgradeCheck = 0810;
				ORGANIZATIONNAME = "Mk-Projects";
				TargetAttributes = {
					893D889B1DF5D5A9008D8CA2 = {
						CreatedOnToolsVersion = 8.1;
						DevelopmentTeam = 58A698JC75;
						ProvisioningStyle = Automatic;
					};
				};
			};
			buildConfigurationList = 893D88971DF5D5A9008D8CA2 /* Build configuration list for PBXProject "bovedaDesign" */;
			compatibilityVersion = "Xcode 3.2";
			developmentRegion = English;
			hasScannedForEncodings = 0;
			knownRegions = (
				en,
				Base,
			);
			mainGroup = 893D88931DF5D5A9008D8CA2;
			productRefGroup = 893D889D1DF5D5AA008D8CA2 /* Products */;
			projectDirPath = "";
			projectRoot = "";
			targets = (
				893D889B1DF5D5A9008D8CA2 /* bovedaDesign */,
			);
		};
/* End PBXProject section */

/* Begin PBXResourcesBuildPhase section */
		893D889A1DF5D5A9008D8CA2 /* Resources */ = {
			isa = PBXResourcesBuildPhase;
			buildActionMask = 2147483647;
			files = (
				89B729B91DF601E40027E54F /* Ubuntu-Bold.ttf in Resources */,
				89B729B71DF6004F0027E54F /* UbuntuCondensed-Regular.ttf in Resources */,
				893D88AA1DF5D5AA008D8CA2 /* LaunchScreen.storyboard in Resources */,
				893D88A71DF5D5AA008D8CA2 /* Assets.xcassets in Resources */,
				893D88A51DF5D5AA008D8CA2 /* Main.storyboard in Resources */,
			);
			runOnlyForDeploymentPostprocessing = 0;
		};
/* End PBXResourcesBuildPhase section */

/* Begin PBXSourcesBuildPhase section */
		893D88981DF5D5A9008D8CA2 /* Sources */ = {
			isa = PBXSourcesBuildPhase;
			buildActionMask = 2147483647;
			files = (
				893D88A21DF5D5AA008D8CA2 /* ViewController.swift in Sources */,
				893D88A01DF5D5AA008D8CA2 /* AppDelegate.swift in Sources */,
			);
			runOnlyForDeploymentPostprocessing = 0;
		};
/* End PBXSourcesBuildPhase section */

/* Begin PBXVariantGroup section */
		893D88A31DF5D5AA008D8CA2 /* Main.storyboard */ = {
			isa = PBXVariantGroup;
			children = (
				893D88A41DF5D5AA008D8CA2 /* Base */,
			);
			name = Main.storyboard;
			sourceTree = "<group>";
		};
		893D88A81DF5D5AA008D8CA2 /* LaunchScreen.storyboard */ = {
			isa = PBXVariantGroup;
			children = (
				893D88A91DF5D5AA008D8CA2 /* Base */,
			);
			name = LaunchScreen.storyboard;
			sourceTree = "<group>";
		};
/* End PBXVariantGroup section */

/* Begin XCBuildConfiguration section */
		893D88AC1DF5D5AA008D8CA2 /* Debug */ = {
			isa = XCBuildConfiguration;
			buildSettings = {
				ALWAYS_SEARCH_USER_PATHS = NO;
				CLANG_ANALYZER_NONNULL = YES;
				CLANG_CXX_LANGUAGE_STANDARD = "gnu++0x";
				CLANG_CXX_LIBRARY = "libc++";
				CLANG_ENABLE_MODULES = YES;
				CLANG_ENABLE_OBJC_ARC = YES;
				CLANG_WARN_BOOL_CONVERSION = YES;
				CLANG_WARN_CONSTANT_CONVERSION = YES;
				CLANG_WARN_DIRECT_OBJC_ISA_USAGE = YES_ERROR;
				CLANG_WARN_DOCUMENTATION_COMMENTS = YES;
				CLANG_WARN_EMPTY_BODY = YES;
				CLANG_WARN_ENUM_CONVERSION = YES;
				CLANG_WARN_INFINITE_RECURSION = YES;
				CLANG_WARN_INT_CONVERSION = YES;
				CLANG_WARN_OBJC_ROOT_CLASS = YES_ERROR;
				CLANG_WARN_SUSPICIOUS_MOVES = YES;
				CLANG_WARN_UNREACHABLE_CODE = YES;
				CLANG_WARN__DUPLICATE_METHOD_MATCH = YES;
				"CODE_SIGN_IDENTITY[sdk=iphoneos*]" = "iPhone Developer";
				COPY_PHASE_STRIP = NO;
				DEBUG_INFORMATION_FORMAT = dwarf;
				ENABLE_STRICT_OBJC_MSGSEND = YES;
				ENABLE_TESTABILITY = YES;
				GCC_C_LANGUAGE_STANDARD = gnu99;
				GCC_DYNAMIC_NO_PIC = NO;
				GCC_NO_COMMON_BLOCKS = YES;
				GCC_OPTIMIZATION_LEVEL = 0;
				GCC_PREPROCESSOR_DEFINITIONS = (
					"DEBUG=1",
					"$(inherited)",
				);
				GCC_WARN_64_TO_32_BIT_CONVERSION = YES;
				GCC_WARN_ABOUT_RETURN_TYPE = YES_ERROR;
				GCC_WARN_UNDECLARED_SELECTOR = YES;
				GCC_WARN_UNINITIALIZED_AUTOS = YES_AGGRESSIVE;
				GCC_WARN_UNUSED_FUNCTION = YES;
				GCC_WARN_UNUSED_VARIABLE = YES;
				IPHONEOS_DEPLOYMENT_TARGET = 10.1;
				MTL_ENABLE_DEBUG_INFO = YES;
				ONLY_ACTIVE_ARCH = YES;
				SDKROOT = iphoneos;
				SWIFT_ACTIVE_COMPILATION_CONDITIONS = DEBUG;
				SWIFT_OPTIMIZATION_LEVEL = "-Onone";
				TARGETED_DEVICE_FAMILY = "1,2";
			};
			name = Debug;
		};
		893D88AD1DF5D5AA008D8CA2 /* Release */ = {
			isa = XCBuildConfiguration;
			buildSettings = {
				ALWAYS_SEARCH_USER_PATHS = NO;
				CLANG_ANALYZER_NONNULL = YES;
				CLANG_CXX_LANGUAGE_STANDARD = "gnu++0x";
				CLANG_CXX_LIBRARY = "libc++";
				CLANG_ENABLE_MODULES = YES;
				CLANG_ENABLE_OBJC_ARC = YES;
				CLANG_WARN_BOOL_CONVERSION = YES;
				CLANG_WARN_CONSTANT_CONVERSION = YES;
				CLANG_WARN_DIRECT_OBJC_ISA_USAGE = YES_ERROR;
				CLANG_WARN_DOCUMENTATION_COMMENTS = YES;
				CLANG_WARN_EMPTY_BODY = YES;
				CLANG_WARN_ENUM_CONVERSION = YES;
				CLANG_WARN_INFINITE_RECURSION = YES;
				CLANG_WARN_INT_CONVERSION = YES;
				CLANG_WARN_OBJC_ROOT_CLASS = YES_ERROR;
				CLANG_WARN_SUSPICIOUS_MOVES = YES;
				CLANG_WARN_UNREACHABLE_CODE = YES;
				CLANG_WARN__DUPLICATE_METHOD_MATCH = YES;
				"CODE_SIGN_IDENTITY[sdk=iphoneos*]" = "iPhone Developer";
				COPY_PHASE_STRIP = NO;
				DEBUG_INFORMATION_FORMAT = "dwarf-with-dsym";
				ENABLE_NS_ASSERTIONS = NO;
				ENABLE_STRICT_OBJC_MSGSEND = YES;
				GCC_C_LANGUAGE_STANDARD = gnu99;
				GCC_NO_COMMON_BLOCKS = YES;
				GCC_WARN_64_TO_32_BIT_CONVERSION = YES;
				GCC_WARN_ABOUT_RETURN_TYPE = YES_ERROR;
				GCC_WARN_UNDECLARED_SELECTOR = YES;
				GCC_WARN_UNINITIALIZED_AUTOS = YES_AGGRESSIVE;
				GCC_WARN_UNUSED_FUNCTION = YES;
				GCC_WARN_UNUSED_VARIABLE = YES;
				IPHONEOS_DEPLOYMENT_TARGET = 10.1;
				MTL_ENABLE_DEBUG_INFO = NO;
				SDKROOT = iphoneos;
				SWIFT_OPTIMIZATION_LEVEL = "-Owholemodule";
				TARGETED_DEVICE_FAMILY = "1,2";
				VALIDATE_PRODUCT = YES;
			};
			name = Release;
		};
		893D88AF1DF5D5AA008D8CA2 /* Debug */ = {
			isa = XCBuildConfiguration;
			buildSettings = {
				ASSETCATALOG_COMPILER_APPICON_NAME = AppIcon;
				DEVELOPMENT_TEAM = 58A698JC75;
				INFOPLIST_FILE = bovedaDesign/Info.plist;
				LD_RUNPATH_SEARCH_PATHS = "$(inherited) @executable_path/Frameworks";
				PRODUCT_BUNDLE_IDENTIFIER = "Oscar-AC.bovedaDesign";
				PRODUCT_NAME = "$(TARGET_NAME)";
				SWIFT_VERSION = 3.0;
			};
			name = Debug;
		};
		893D88B01DF5D5AA008D8CA2 /* Release */ = {
			isa = XCBuildConfiguration;
			buildSettings = {
				ASSETCATALOG_COMPILER_APPICON_NAME = AppIcon;
				DEVELOPMENT_TEAM = 58A698JC75;
				INFOPLIST_FILE = bovedaDesign/Info.plist;
				LD_RUNPATH_SEARCH_PATHS = "$(inherited) @executable_path/Frameworks";
				PRODUCT_BUNDLE_IDENTIFIER = "Oscar-AC.bovedaDesign";
				PRODUCT_NAME = "$(TARGET_NAME)";
				SWIFT_VERSION = 3.0;
			};
			name = Release;
		};
/* End XCBuildConfiguration section */

/* Begin XCConfigurationList section */
		893D88971DF5D5A9008D8CA2 /* Build configuration list for PBXProject "bovedaDesign" */ = {
			isa = XCConfigurationList;
			buildConfigurations = (
				893D88AC1DF5D5AA008D8CA2 /* Debug */,
				893D88AD1DF5D5AA008D8CA2 /* Release */,
			);
			defaultConfigurationIsVisible = 0;
			defaultConfigurationName = Release;
		};
		893D88AE1DF5D5AA008D8CA2 /* Build configuration list for PBXNativeTarget "bovedaDesign" */ = {
			isa = XCConfigurationList;
			buildConfigurations = (
				893D88AF1DF5D5AA008D8CA2 /* Debug */,
				893D88B01DF5D5AA008D8CA2 /* Release */,
			);
			defaultConfigurationIsVisible = 0;
			defaultConfigurationName = Release;
		};
/* End XCConfigurationList section */
	};
	rootObject = 893D88941DF5D5A9008D8CA2 /* Project object */;
}
